{
    "_meta": {
        "hash": {
            "sha256": "0dc9e821c82dd13fe74778d8f47bc3ecf9ece3f48396fc1bdd792fb175e0ecb7"
        },
        "pipfile-spec": 6,
        "requires": {
            "python_version": "3.7"
        },
        "sources": [
            {
                "name": "pypi",
                "url": "https://pypi.org/simple",
                "verify_ssl": true
            }
        ]
    },
    "default": {
        "decorator": {
            "hashes": [
                "sha256:41fa54c2a0cc4ba648be4fd43cff00aedf5b9465c9bf18d64325bc225f08f760",
                "sha256:e3a62f0520172440ca0dcc823749319382e377f37f140a0b99ef45fecb84bfe7"
            ],
            "version": "==4.4.2"
        },
        "networkx": {
            "hashes": [
                "sha256:0635858ed7e989f4c574c2328380b452df892ae85084144c73d8cd819f0c4e06",
                "sha256:109cd585cac41297f71103c3c42ac6ef7379f29788eb54cb751be5a663bb235a"
            ],
            "index": "pypi",
            "version": "==2.5.1"
        }
    },
    "develop": {
        "atomicwrites": {
            "hashes": [
                "sha256:6d1784dea7c0c8d4a5172b6c620f40b6e4cbfdf96d783691f2e1302a7b88e197",
                "sha256:ae70396ad1a434f9c7046fd2dd196fc04b12f9e91ffb859164193be8b6168a7a"
            ],
            "version": "==1.4.0"
        },
        "attrs": {
            "hashes": [
                "sha256:31b2eced602aa8423c2aea9c76a724617ed67cf9513173fd3a4f03e3a929c7e6",
                "sha256:832aa3cde19744e49938b91fea06d69ecb9e649c93ba974535d08ad92164f700"
            ],
            "version": "==20.3.0"
        },
        "autopep8": {
            "hashes": [
                "sha256:5454e6e9a3d02aae38f866eec0d9a7de4ab9f93c10a273fb0340f3d6d09f7514",
                "sha256:f01b06a6808bc31698db907761e5890eb2295e287af53f6693b39ce55454034a"
            ],
            "index": "pypi",
            "version": "==1.5.6"
        },
        "dimod": {
            "hashes": [
                "sha256:13ceb35d3348fedb81be25a479216881533f53db0cca8914d62fbebab949db43",
                "sha256:16ecf353262e14059c03af7253fd90a92e53a2f245eeea3e4ca27e18cbb215ff",
                "sha256:2ee403b981b58c42b2a1660aaa6e862fa31a2bc6509405cb5f1c9e7637427b15",
                "sha256:38962fd3816b598a192c11d978b8930d87b67b279929822c1f966e22d99ff958",
                "sha256:489301d267f7c6372577a3490523348cc0fdf41b9681714285a43dccfaed581c",
                "sha256:51758d6cf39b935dda19e65178c4ab71e0e17db1d20d13c7dc5b501482deb05e",
                "sha256:53e5ec75d1237eb77b7985787e2ef73685c9128c03954cca3f94f9e8084ec841",
                "sha256:6571b17d08628b8dc8c73f043f14568cbe34a5eb0722c083292ba9052620146d",
                "sha256:69173bbbc32dcc905284502341e68a6f8922f49fe9ae7198f290065c5ceccdf5",
                "sha256:6c63af99464e677ede6cbef17bc897754a9a4bcf88429c77e872fcee7eba587f",
                "sha256:7b2d3bc15c09d735adda4173bd4cec0f96408c7d5b92085833845cc0bf49e22f",
                "sha256:84b36572b061d9ef79af0e616bfda5bb89f9141fb9dc67187577b6291a79914e",
                "sha256:8d3fa8b3d595836717854e2406d90941ab3e01e086a9f1735b57462c1221f8b9",
                "sha256:930be55c5220dd96f7232761017ac10a021b0040b639b10374d658641bfa3ac4",
                "sha256:a89de611ce3f4dab5beca3fc9d1c61d74d4af073804d397da984a44a887bb59f",
                "sha256:b48397a2a6c2d1dc55688f199d115809185f916c6c1b7df343aa70418d6b2eb5",
                "sha256:ba528f4693893b48b1874ac49107b9229aa10fc081e977dea8745c5b30f2f392",
                "sha256:bc5bc3cd849d9267f4ec81ddadf548538dcedaa6429c2ac815f9f964b98e3433",
                "sha256:be0a449d8a52f93608e1f4c293568027acec5ea9e8cfbf9d6b18be5f749320be",
                "sha256:beefcb7c4039eceb0fa8557b32ccf5cd58ce6a1c6e69988f7cb3c7a746cb9d18",
                "sha256:c0b6503652c588c6391f919c569f11b3a1e24a7b47cc66400654bd72da12f52c",
                "sha256:c6efe35814fe0b513ddafe200f432933d1245707bd851fae1e55fc70e73827bb",
                "sha256:c9530c80e9f37152915d79bfa68da7e215e131a203ef3ab33d8fb8661f49a9d5",
                "sha256:ce213068e46fb4c1acbae88578f3286d29fe7eb56a918b591f1e25195700048a",
                "sha256:dffb13b959aecf4cddf05359b2518aa0e2d083f4358fdc47a1fc3c7130daf552",
                "sha256:ed2a33b8c36986b4ff9edd0c58980e0aa6ee511f8b3e69157dc30958131bd7ff",
                "sha256:f1028828d94d2227d3911d1b0a39a24e2e7d0551323c2c9ff37b08fe34c938f3",
                "sha256:f17d88dce9bdd22fa414212d5a0933720dd8858f072c0f4e2d7e4aac2629c195",
                "sha256:f3a849625c92ad1dff4e8bf0cf86c38712a759ce358eda3c03ffa6e5bce85b8f",
                "sha256:f5467fa0db1b80dbe672ba7036f8ce060251cd34e90cc34c14fb6e6b47f587d1",
                "sha256:fb200cf665cb371abe06a12f414f3554a2c7c0e8e317ec3d761441b8f6302fc7",
                "sha256:fc9c6b8d9b2fe8f001fb377922df833a92c215a653ce7dee9f18361f9905032e",
                "sha256:fee10b3c976fd6062fef5b634b8ef7e79d0f72419953edf154cbfc3b3443ba26"
            ],
            "version": "==0.8.21"
        },
        "dwave-qbsolv": {
            "hashes": [
                "sha256:01af1a45f272a3b721ce01bc51175386231bf7ef5c7e8e46f5eeb87fd202d100",
                "sha256:0db5e043eaea0aedea1bcade3f006c122f48a109dbec5e1a2e32a583bd2b3988",
                "sha256:10a3ed3250ad5ef205c187a521708cde5cd50a1cc08e85daea4e96592e5f200c",
                "sha256:1493e8d5537035cd3f27e6340878764bf622247ff75267ffb441acc222f2abd0",
                "sha256:1ca6ecc8a34ba342c732dd335537efca03597ce7f1b7d998251d8d5f5622e8b6",
                "sha256:2698f070fc7ae7fd5fb4465667ea9b78652646baacb0d6c9ce69f987184e301d",
                "sha256:2713b85163c9398a15fb8316afa5bd6e1d1d9cf7ac37d1f63cc68d8930cb99f3",
                "sha256:46152caf74aee623c49fff895bc0f3b4963e07658276dde9c560d1b1b8273391",
                "sha256:49d70f31099376d83dd1a1ac9e6c6200d6bd17bc530a4db0a157cff4ff3cb6f2",
                "sha256:51239ade1ac9d5cb01c87f5f222cbd1245a33c79bebba37fcbbdc522fc343b1f",
                "sha256:5535a331b465b66409b6c8006eabb0448e0a25af7de80e4e5f375c371c46c1ba",
                "sha256:62c89eb0888db398e073f17df2468cadc6bc618fd34700ef7fd8e087392fb39f",
                "sha256:7a2d3c2e0c3326d61bdf13d23c318594267a847ca0b52efd058a98ad209df635",
                "sha256:965858d1228f85ec3a411c4a5283bc98feb8135cac4b50aafca3cc38c18331b1",
                "sha256:9de37d2296ddcf18a36be5306c03a2805c84a28bb92850aa39cb4f802789d90e",
                "sha256:b1b08ec54c12bb12ea12960f432c38889e94002aec2c44e4f47b3eda9fcfb2f2",
                "sha256:b3ba9aea9021d00947cc88a2eb482ac4d9d7ea8f0df7091e5385806d0814251d",
                "sha256:becaf7ce0ce724f2ca3cfe7c5d45e74f8e1e5820d6387b21d1b5a32f4039a2a6",
                "sha256:db22470cd8fed80217d31a9a490055df4c54970203606d4d5141b1abdcf8abce",
                "sha256:dee031f2cbdab41fa5bcebcdd8d9ba77759bc02650fa4b343746d70f17f397d5",
                "sha256:e113ca5c2ccac8675244c54e19d6e0dd26387ba2655d7c28287978b33e9b75a0",
                "sha256:e64c3761d051a9f8916f109ef874af66eac327822cc5b4bf929074d222809fa7",
                "sha256:ead56aa186e3001f3b5a210e991865997d306cf95d2d7a872ff06804ed21a9c5",
                "sha256:ecc96e49f121e3f91f380b13fabc6089b6c9f740d03c59cdf9d478fad78931d9",
                "sha256:ed243bfdacf04746d0ad9448792f0e12ba965c543ba55f08729248430f1125e7",
                "sha256:f82a1810cf15ea5fd9579dc12f3bcf3c3bf4722dcd2a96a628f29e1973c71339",
                "sha256:fbbc155a9b4fe2273b678edf54e58d51a8e871deb80eeceec8cad7a31b44788d",
                "sha256:fbd26caaf180949de1b228b57c539ac19a750836b0f55c29ed0a271585e34d0e"
            ],
            "index": "pypi",
            "version": "==0.2.10"
        },
        "importlib-metadata": {
            "hashes": [
                "sha256:19192b88d959336bfa6bdaaaef99aeafec179eca19c47c804e555703ee5f07ef",
                "sha256:2e881981c9748d7282b374b68e759c87745c25427b67ecf0cc67fb6637a1bff9"
            ],
            "markers": "python_version < '3.8'",
            "version": "==4.0.0"
        },
        "more-itertools": {
            "hashes": [
                "sha256:5652a9ac72209ed7df8d9c15daf4e1aa0e3d2ccd3c87f8265a0673cd9cbc9ced",
                "sha256:c5d6da9ca3ff65220c3bfd2a8db06d698f05d4d2b9be57e1deb2be5a45019713"
            ],
            "markers": "python_version > '2.7'",
            "version": "==8.7.0"
        },
        "numpy": {
            "hashes": [
                "sha256:2428b109306075d89d21135bdd6b785f132a1f5a3260c371cee1fae427e12727",
                "sha256:377751954da04d4a6950191b20539066b4e19e3b559d4695399c5e8e3e683bf6",
                "sha256:4703b9e937df83f5b6b7447ca5912b5f5f297aba45f91dbbbc63ff9278c7aa98",
                "sha256:471c0571d0895c68da309dacee4e95a0811d0a9f9f532a48dc1bea5f3b7ad2b7",
                "sha256:61d5b4cf73622e4d0c6b83408a16631b670fc045afd6540679aa35591a17fe6d",
                "sha256:6c915ee7dba1071554e70a3664a839fbc033e1d6528199d4621eeaaa5487ccd2",
                "sha256:6e51e417d9ae2e7848314994e6fc3832c9d426abce9328cf7571eefceb43e6c9",
                "sha256:719656636c48be22c23641859ff2419b27b6bdf844b36a2447cb39caceb00935",
                "sha256:780ae5284cb770ade51d4b4a7dce4faa554eb1d88a56d0e8b9f35fca9b0270ff",
                "sha256:878922bf5ad7550aa044aa9301d417e2d3ae50f0f577de92051d739ac6096cee",
                "sha256:924dc3f83de20437de95a73516f36e09918e9c9c18d5eac520062c49191025fb",
                "sha256:97ce8b8ace7d3b9288d88177e66ee75480fb79b9cf745e91ecfe65d91a856042",
                "sha256:9c0fab855ae790ca74b27e55240fe4f2a36a364a3f1ebcfd1fb5ac4088f1cec3",
                "sha256:9cab23439eb1ebfed1aaec9cd42b7dc50fc96d5cd3147da348d9161f0501ada5",
                "sha256:a8e6859913ec8eeef3dbe9aed3bf475347642d1cdd6217c30f28dee8903528e6",
                "sha256:aa046527c04688af680217fffac61eec2350ef3f3d7320c07fd33f5c6e7b4d5f",
                "sha256:abc81829c4039e7e4c30f7897938fa5d4916a09c2c7eb9b244b7a35ddc9656f4",
                "sha256:bad70051de2c50b1a6259a6df1daaafe8c480ca98132da98976d8591c412e737",
                "sha256:c73a7975d77f15f7f68dacfb2bca3d3f479f158313642e8ea9058eea06637931",
                "sha256:d15007f857d6995db15195217afdbddfcd203dfaa0ba6878a2f580eaf810ecd6",
                "sha256:d76061ae5cab49b83a8cf3feacefc2053fac672728802ac137dd8c4123397677",
                "sha256:e8e4fbbb7e7634f263c5b0150a629342cc19b47c5eba8d1cd4363ab3455ab576",
                "sha256:e9459f40244bb02b2f14f6af0cd0732791d72232bbb0dc4bab57ef88e75f6935",
                "sha256:edb1f041a9146dcf02cd7df7187db46ab524b9af2515f392f337c7cbbf5b52cd"
            ],
            "version": "==1.20.2"
        },
        "pluggy": {
            "hashes": [
                "sha256:15b2acde666561e1298d71b523007ed7364de07029219b604cf808bfa1c765b0",
                "sha256:966c145cd83c96502c3c3868f50408687b38434af77734af1e9ca461a4081d2d"
            ],
            "version": "==0.13.1"
        },
        "py": {
            "hashes": [
                "sha256:21b81bda15b66ef5e1a777a21c4dcd9c20ad3efd0b3f817e7a809035269e1bd3",
                "sha256:3b80836aa6d1feeaa108e046da6423ab8f6ceda6468545ae8d02d9d58d18818a"
            ],
            "index": "pypi",
            "version": "==1.10.0"
        },
        "pycodestyle": {
            "hashes": [
                "sha256:514f76d918fcc0b55c6680472f0a37970994e07bbb80725808c17089be302068",
                "sha256:c389c1d06bf7904078ca03399a4816f974a1d590090fecea0c63ec26ebaf1cef"
            ],
            "version": "==2.7.0"
        },
        "pytest": {
            "hashes": [
                "sha256:067a1d4bf827ffdd56ad21bd46674703fce77c5957f6c1eef731f6146bfcef1c",
                "sha256:9687049d53695ad45cf5fdc7bbd51f0c49f1ea3ecfc4b7f3fde7501b541f17f4"
            ],
            "index": "pypi",
            "version": "==4.3.0"
        },
        "six": {
            "hashes": [
                "sha256:30639c035cdb23534cd4aa2dd52c3bf48f06e5f4a941509c8bafd8ce11080259",
                "sha256:8b74bedcbbbaca38ff6d7491d76f2b06b3592611af620f8426e82dddb04a5ced"
            ],
            "version": "==1.15.0"
        },
        "toml": {
            "hashes": [
                "sha256:806143ae5bfb6a3c6e736a764057db0e6a0e05e338b5630894a5f779cabb4f9b",
                "sha256:b3bda1d108d5dd99f4a20d24d9c348e91c4db7ab1b749200bded2f839ccbe68f"
            ],
            "version": "==0.10.2"
        },
        "typing-extensions": {
            "hashes": [
                "sha256:7cb407020f00f7bfc3cb3e7881628838e69d8f3fcab2f64742a5e76b2f841918",
                "sha256:99d4073b617d30288f569d3f13d2bd7548c3a7e4c8de87db09a9d29bb3a4a60c",
                "sha256:dafc7639cde7f1b6e1acc0f457842a83e722ccca8eef5270af2d74792619a89f"
            ],
            "markers": "python_version < '3.8'",
            "version": "==3.7.4.3"
        },
        "zipp": {
            "hashes": [
                "sha256:3607921face881ba3e026887d8150cca609d517579abe052ac81fc5aeffdbd76",
                "sha256:51cb66cc54621609dd593d1787f286ee42a5c0adbb4b29abea5a63edc3e03098"
            ],
            "version": "==3.4.1"
        }
    }
}
